{
  "originHash" : "2e6f1b0e9206478dbf0dd12a35f74562cb1e0efa60df66f116594f050d84c0dd",
  "pins" : [
    {
      "identity" : "llama.swift",
      "kind" : "remoteSourceControl",
      "location" : "https://github.com/mattt/llama.swift",
      "state" : {
        "revision" : "8c4f5ddcb6c312e04c229a833887524023fa20a5",
        "version" : "2.9198.0"
      }
    }
  ],
  "version" : 3
}
